
Microsoft Visual Studio Solution File, Format Version 12.00
# Visual Studio Version 17
VisualStudioVersion = 17.5.33516.290
MinimumVisualStudioVersion = 10.0.40219.1
Project("{FAE04EC0-301F-11D3-BF4B-00C04F79EFBC}") = "HotAPI", "HotAPI\HotAPI.csproj", "{643109F7-3CA6-4369-AF35-760C9F07FD46}"
EndProject
Global
	GlobalSection(SolutionConfigurationPlatforms) = preSolution
		Debug|Any CPU = Debug|Any CPU
		Release|Any CPU = Release|Any CPU
	EndGlobalSection
	GlobalSection(ProjectConfigurationPlatforms) = postSolution
		{643109F7-3CA6-4369-AF35-760C9F07FD46}.Debug|Any CPU.ActiveCfg = Debug|Any CPU
		{643109F7-3CA6-4369-AF35-760C9F07FD46}.Debug|Any CPU.Build.0 = Debug|Any CPU
		{643109F7-3CA6-4369-AF35-760C9F07FD46}.Release|Any CPU.ActiveCfg = Release|Any CPU
		{643109F7-3CA6-4369-AF35-760C9F07FD46}.Release|Any CPU.Build.0 = Release|Any CPU
	EndGlobalSection
	GlobalSection(SolutionProperties) = preSolution
		HideSolutionNode = FALSE
	EndGlobalSection
	GlobalSection(ExtensibilityGlobals) = postSolution
		SolutionGuid = {341134D8-4E09-444B-B4EC-4D90689B03A8}
	EndGlobalSection
EndGlobal
